
Microsoft Visual Studio Solution File, Format Version 12.00
# Visual Studio Version 16
VisualStudioVersion = 16.0.30503.244
MinimumVisualStudioVersion = 10.0.40219.1
Project("{FAE04EC0-301F-11D3-BF4B-00C04F79EFBC}") = "Party Planner Application", "Party Planner Application\Party Planner Application.csproj", "{0A15EF47-718F-45DA-9F4D-F35B3A3F602A}"
EndProject
Global
	GlobalSection(SolutionConfigurationPlatforms) = preSolution
		Debug|Any CPU = Debug|Any CPU
		Release|Any CPU = Release|Any CPU
	EndGlobalSection
	GlobalSection(ProjectConfigurationPlatforms) = postSolution
		{0A15EF47-718F-45DA-9F4D-F35B3A3F602A}.Debug|Any CPU.ActiveCfg = Debug|Any CPU
		{0A15EF47-718F-45DA-9F4D-F35B3A3F602A}.Debug|Any CPU.Build.0 = Debug|Any CPU
		{0A15EF47-718F-45DA-9F4D-F35B3A3F602A}.Release|Any CPU.ActiveCfg = Release|Any CPU
		{0A15EF47-718F-45DA-9F4D-F35B3A3F602A}.Release|Any CPU.Build.0 = Release|Any CPU
	EndGlobalSection
	GlobalSection(SolutionProperties) = preSolution
		HideSolutionNode = FALSE
	EndGlobalSection
	GlobalSection(ExtensibilityGlobals) = postSolution
		SolutionGuid = {BD29F09D-27EB-4257-8F96-833B695CF25F}
	EndGlobalSection
EndGlobal
